
Microsoft Visual Studio Solution File, Format Version 12.00
# Visual Studio Version 16
VisualStudioVersion = 16.0.29215.179
MinimumVisualStudioVersion = 10.0.40219.1
Project("{FAE04EC0-301F-11D3-BF4B-00C04F79EFBC}") = "PoliceEventTrackerWeb", "PoliceEventTrackerWeb\PoliceEventTrackerWeb.csproj", "{E1E8629C-1FE0-4AC4-B86D-2174654DCBC4}"
EndProject
Global
	GlobalSection(SolutionConfigurationPlatforms) = preSolution
		Debug|Any CPU = Debug|Any CPU
		Release|Any CPU = Release|Any CPU
	EndGlobalSection
	GlobalSection(ProjectConfigurationPlatforms) = postSolution
		{E1E8629C-1FE0-4AC4-B86D-2174654DCBC4}.Debug|Any CPU.ActiveCfg = Debug|Any CPU
		{E1E8629C-1FE0-4AC4-B86D-2174654DCBC4}.Debug|Any CPU.Build.0 = Debug|Any CPU
		{E1E8629C-1FE0-4AC4-B86D-2174654DCBC4}.Release|Any CPU.ActiveCfg = Release|Any CPU
		{E1E8629C-1FE0-4AC4-B86D-2174654DCBC4}.Release|Any CPU.Build.0 = Release|Any CPU
	EndGlobalSection
	GlobalSection(SolutionProperties) = preSolution
		HideSolutionNode = FALSE
	EndGlobalSection
	GlobalSection(ExtensibilityGlobals) = postSolution
		SolutionGuid = {8C9CE009-A6A8-46BB-A586-093145260FA4}
	EndGlobalSection
EndGlobal
